
Microsoft Visual Studio Solution File, Format Version 12.00
# Visual Studio 14
VisualStudioVersion = 14.0.23107.0
MinimumVisualStudioVersion = 10.0.40219.1
Project("{2150E333-8FDC-42A3-9474-1A3956D46DE8}") = "src", "src", "{1118E0AD-83C8-4B67-859B-FCDEF54338C1}"
EndProject
Project("{2150E333-8FDC-42A3-9474-1A3956D46DE8}") = "test", "test", "{6D6CF06F-EFCF-4E01-99F1-CB7991C279D8}"
EndProject
Project("{FAE04EC0-301F-11D3-BF4B-00C04F79EFBC}") = "WebJobs.Extensions", "src\WebJobs.Extensions\WebJobs.Extensions.csproj", "{E6F59990-F3A1-469F-A9D8-6D529121D385}"
EndProject
Project("{FAE04EC0-301F-11D3-BF4B-00C04F79EFBC}") = "ExtensionsSample", "src\ExtensionsSample\ExtensionsSample.csproj", "{1CFEAA1A-F726-482E-ACD1-96D21DB10837}"
EndProject
Project("{FAE04EC0-301F-11D3-BF4B-00C04F79EFBC}") = "WebJobs.Extensions.Tests", "test\WebJobs.Extensions.Tests\WebJobs.Extensions.Tests.csproj", "{1729561F-D598-4208-9154-3A5497523D54}"
EndProject
Project("{2150E333-8FDC-42A3-9474-1A3956D46DE8}") = ".nuget", ".nuget", "{28647E2E-EF79-47A7-85EC-10F2F67AEAFE}"
	ProjectSection(SolutionItems) = preProject
		.nuget\NuGet.Config = .nuget\NuGet.Config
		.nuget\packages.config = .nuget\packages.config
	EndProjectSection
EndProject
Project("{FAE04EC0-301F-11D3-BF4B-00C04F79EFBC}") = "Packages", "src\Packages\Packages.csproj", "{34AB8F63-18DE-4E0D-B21C-15E33B091634}"
EndProject
Project("{FAE04EC0-301F-11D3-BF4B-00C04F79EFBC}") = "Sample.Extension", "src\Sample.Extension\Sample.Extension.csproj", "{55EDABA0-8D31-43C9-AB3C-2A40D0EFF28A}"
EndProject
Project("{FAE04EC0-301F-11D3-BF4B-00C04F79EFBC}") = "WebJobs.Extensions.SendGrid", "src\WebJobs.Extensions.SendGrid\WebJobs.Extensions.SendGrid.csproj", "{6EAB68D8-EBF7-4BC2-89F9-30E6E3BB4423}"
EndProject
Project("{FAE04EC0-301F-11D3-BF4B-00C04F79EFBC}") = "WebJobs.Extensions.WebHooks", "src\WebJobs.Extensions.WebHooks\WebJobs.Extensions.WebHooks.csproj", "{0C4675E2-3CEA-4E86-988B-F180325B48E7}"
EndProject
Global
	GlobalSection(SolutionConfigurationPlatforms) = preSolution
		Debug|Any CPU = Debug|Any CPU
		Release|Any CPU = Release|Any CPU
	EndGlobalSection
	GlobalSection(ProjectConfigurationPlatforms) = postSolution
		{E6F59990-F3A1-469F-A9D8-6D529121D385}.Debug|Any CPU.ActiveCfg = Debug|Any CPU
		{E6F59990-F3A1-469F-A9D8-6D529121D385}.Debug|Any CPU.Build.0 = Debug|Any CPU
		{E6F59990-F3A1-469F-A9D8-6D529121D385}.Release|Any CPU.ActiveCfg = Release|Any CPU
		{E6F59990-F3A1-469F-A9D8-6D529121D385}.Release|Any CPU.Build.0 = Release|Any CPU
		{1CFEAA1A-F726-482E-ACD1-96D21DB10837}.Debug|Any CPU.ActiveCfg = Debug|Any CPU
		{1CFEAA1A-F726-482E-ACD1-96D21DB10837}.Debug|Any CPU.Build.0 = Debug|Any CPU
		{1CFEAA1A-F726-482E-ACD1-96D21DB10837}.Release|Any CPU.ActiveCfg = Release|Any CPU
		{1CFEAA1A-F726-482E-ACD1-96D21DB10837}.Release|Any CPU.Build.0 = Release|Any CPU
		{1729561F-D598-4208-9154-3A5497523D54}.Debug|Any CPU.ActiveCfg = Debug|Any CPU
		{1729561F-D598-4208-9154-3A5497523D54}.Debug|Any CPU.Build.0 = Debug|Any CPU
		{1729561F-D598-4208-9154-3A5497523D54}.Release|Any CPU.ActiveCfg = Release|Any CPU
		{1729561F-D598-4208-9154-3A5497523D54}.Release|Any CPU.Build.0 = Release|Any CPU
		{34AB8F63-18DE-4E0D-B21C-15E33B091634}.Debug|Any CPU.ActiveCfg = Debug|Any CPU
		{34AB8F63-18DE-4E0D-B21C-15E33B091634}.Debug|Any CPU.Build.0 = Debug|Any CPU
		{34AB8F63-18DE-4E0D-B21C-15E33B091634}.Release|Any CPU.ActiveCfg = Release|Any CPU
		{34AB8F63-18DE-4E0D-B21C-15E33B091634}.Release|Any CPU.Build.0 = Release|Any CPU
		{55EDABA0-8D31-43C9-AB3C-2A40D0EFF28A}.Debug|Any CPU.ActiveCfg = Debug|Any CPU
		{55EDABA0-8D31-43C9-AB3C-2A40D0EFF28A}.Debug|Any CPU.Build.0 = Debug|Any CPU
		{55EDABA0-8D31-43C9-AB3C-2A40D0EFF28A}.Release|Any CPU.ActiveCfg = Release|Any CPU
		{55EDABA0-8D31-43C9-AB3C-2A40D0EFF28A}.Release|Any CPU.Build.0 = Release|Any CPU
		{6EAB68D8-EBF7-4BC2-89F9-30E6E3BB4423}.Debug|Any CPU.ActiveCfg = Debug|Any CPU
		{6EAB68D8-EBF7-4BC2-89F9-30E6E3BB4423}.Debug|Any CPU.Build.0 = Debug|Any CPU
		{6EAB68D8-EBF7-4BC2-89F9-30E6E3BB4423}.Release|Any CPU.ActiveCfg = Release|Any CPU
		{6EAB68D8-EBF7-4BC2-89F9-30E6E3BB4423}.Release|Any CPU.Build.0 = Release|Any CPU
		{0C4675E2-3CEA-4E86-988B-F180325B48E7}.Debug|Any CPU.ActiveCfg = Debug|Any CPU
		{0C4675E2-3CEA-4E86-988B-F180325B48E7}.Debug|Any CPU.Build.0 = Debug|Any CPU
		{0C4675E2-3CEA-4E86-988B-F180325B48E7}.Release|Any CPU.ActiveCfg = Release|Any CPU
		{0C4675E2-3CEA-4E86-988B-F180325B48E7}.Release|Any CPU.Build.0 = Release|Any CPU
	EndGlobalSection
	GlobalSection(SolutionProperties) = preSolution
		HideSolutionNode = FALSE
	EndGlobalSection
	GlobalSection(NestedProjects) = preSolution
		{E6F59990-F3A1-469F-A9D8-6D529121D385} = {1118E0AD-83C8-4B67-859B-FCDEF54338C1}
		{1CFEAA1A-F726-482E-ACD1-96D21DB10837} = {1118E0AD-83C8-4B67-859B-FCDEF54338C1}
		{1729561F-D598-4208-9154-3A5497523D54} = {6D6CF06F-EFCF-4E01-99F1-CB7991C279D8}
		{34AB8F63-18DE-4E0D-B21C-15E33B091634} = {1118E0AD-83C8-4B67-859B-FCDEF54338C1}
		{55EDABA0-8D31-43C9-AB3C-2A40D0EFF28A} = {1118E0AD-83C8-4B67-859B-FCDEF54338C1}
		{6EAB68D8-EBF7-4BC2-89F9-30E6E3BB4423} = {1118E0AD-83C8-4B67-859B-FCDEF54338C1}
		{0C4675E2-3CEA-4E86-988B-F180325B48E7} = {1118E0AD-83C8-4B67-859B-FCDEF54338C1}
	EndGlobalSection
EndGlobal
