
Microsoft Visual Studio Solution File, Format Version 12.00
# Visual Studio Version 16
VisualStudioVersion = 16.0.31702.126
MinimumVisualStudioVersion = 10.0.40219.1
Project("{2150E333-8FDC-42A3-9474-1A3956D46DE8}") = "src", "src", "{1118E0AD-83C8-4B67-859B-FCDEF54338C1}"
EndProject
Project("{2150E333-8FDC-42A3-9474-1A3956D46DE8}") = "test", "test", "{6D6CF06F-EFCF-4E01-99F1-CB7991C279D8}"
EndProject
Project("{2150E333-8FDC-42A3-9474-1A3956D46DE8}") = ".nuget", ".nuget", "{28647E2E-EF79-47A7-85EC-10F2F67AEAFE}"
	ProjectSection(SolutionItems) = preProject
		.nuget\NuGet.Config = .nuget\NuGet.Config
	EndProjectSection
EndProject
Project("{2150E333-8FDC-42A3-9474-1A3956D46DE8}") = "build", "build", "{9C98036B-0901-45FA-A18B-0D8E226B6A61}"
	ProjectSection(SolutionItems) = preProject
		build\common.props = build\common.props
	EndProjectSection
EndProject
Project("{9A19103F-16F7-4668-BE54-9A1E7A4F7556}") = "WebJobs.Extensions.Tests", "test\WebJobs.Extensions.Tests\WebJobs.Extensions.Tests.csproj", "{1729561F-D598-4208-9154-3A5497523D54}"
EndProject
Project("{9A19103F-16F7-4668-BE54-9A1E7A4F7556}") = "WebJobs.Extensions", "src\WebJobs.Extensions\WebJobs.Extensions.csproj", "{7719584E-9863-405A-9D26-2CC02AFC2427}"
EndProject
Project("{9A19103F-16F7-4668-BE54-9A1E7A4F7556}") = "WebJobs.Extensions.Tests.Common", "test\WebJobs.Extensions.Tests.Common\WebJobs.Extensions.Tests.Common.csproj", "{D86272BE-7A41-4E45-8E13-79CC7E252899}"
EndProject
Global
	GlobalSection(SolutionConfigurationPlatforms) = preSolution
		Debug|Any CPU = Debug|Any CPU
		Release|Any CPU = Release|Any CPU
	EndGlobalSection
	GlobalSection(ProjectConfigurationPlatforms) = postSolution
		{1729561F-D598-4208-9154-3A5497523D54}.Debug|Any CPU.ActiveCfg = Debug|Any CPU
		{1729561F-D598-4208-9154-3A5497523D54}.Debug|Any CPU.Build.0 = Debug|Any CPU
		{1729561F-D598-4208-9154-3A5497523D54}.Release|Any CPU.ActiveCfg = Release|Any CPU
		{1729561F-D598-4208-9154-3A5497523D54}.Release|Any CPU.Build.0 = Release|Any CPU
		{7719584E-9863-405A-9D26-2CC02AFC2427}.Debug|Any CPU.ActiveCfg = Debug|Any CPU
		{7719584E-9863-405A-9D26-2CC02AFC2427}.Debug|Any CPU.Build.0 = Debug|Any CPU
		{7719584E-9863-405A-9D26-2CC02AFC2427}.Release|Any CPU.ActiveCfg = Release|Any CPU
		{7719584E-9863-405A-9D26-2CC02AFC2427}.Release|Any CPU.Build.0 = Release|Any CPU
		{D86272BE-7A41-4E45-8E13-79CC7E252899}.Debug|Any CPU.ActiveCfg = Debug|Any CPU
		{D86272BE-7A41-4E45-8E13-79CC7E252899}.Debug|Any CPU.Build.0 = Debug|Any CPU
		{D86272BE-7A41-4E45-8E13-79CC7E252899}.Release|Any CPU.ActiveCfg = Release|Any CPU
		{D86272BE-7A41-4E45-8E13-79CC7E252899}.Release|Any CPU.Build.0 = Release|Any CPU
	EndGlobalSection
	GlobalSection(SolutionProperties) = preSolution
		HideSolutionNode = FALSE
	EndGlobalSection
	GlobalSection(NestedProjects) = preSolution
		{1729561F-D598-4208-9154-3A5497523D54} = {6D6CF06F-EFCF-4E01-99F1-CB7991C279D8}
		{7719584E-9863-405A-9D26-2CC02AFC2427} = {1118E0AD-83C8-4B67-859B-FCDEF54338C1}
		{D86272BE-7A41-4E45-8E13-79CC7E252899} = {6D6CF06F-EFCF-4E01-99F1-CB7991C279D8}
	EndGlobalSection
	GlobalSection(ExtensibilityGlobals) = postSolution
		SolutionGuid = {821EF04F-5408-46AD-94ED-0E939B89D4B8}
	EndGlobalSection
EndGlobal
